
Microsoft Visual Studio Solution File, Format Version 12.00
# Visual Studio 14
VisualStudioVersion = 14.0.25420.1
MinimumVisualStudioVersion = 10.0.40219.1
Project("{FAE04EC0-301F-11D3-BF4B-00C04F79EFBC}") = "Freelancehunt_Messenger", "Freelancehunt Messenger\Freelancehunt_Messenger\Freelancehunt_Messenger.csproj", "{B881517F-C931-48D8-942E-DFC72F4CE3BE}"
EndProject
Project("{FAE04EC0-301F-11D3-BF4B-00C04F79EFBC}") = "Freelancehunt_Messenger.Droid", "Freelancehunt Messenger\Freelancehunt_Messenger.Droid\Freelancehunt_Messenger.Droid.csproj", "{34D916F6-890A-4192-ADDE-81B97D2B7C15}"
EndProject
Project("{FAE04EC0-301F-11D3-BF4B-00C04F79EFBC}") = "Freelancehunt_Messenger.iOS", "Freelancehunt Messenger\Freelancehunt_Messenger.iOS\Freelancehunt_Messenger.iOS.csproj", "{46966B89-3620-4BD0-BD57-07FC75B2765F}"
EndProject
Project("{FAE04EC0-301F-11D3-BF4B-00C04F79EFBC}") = "Freelancehunt_Messenger.WinPhone", "Freelancehunt Messenger\Freelancehunt_Messenger.WinPhone\Freelancehunt_Messenger.WinPhone.csproj", "{981BFE13-A686-48E9-A4C9-54FADC3F6E7B}"
EndProject
Project("{FAE04EC0-301F-11D3-BF4B-00C04F79EFBC}") = "Freelancehunt_Messenger.UWP", "Freelancehunt Messenger\Freelancehunt_Messenger.UWP\Freelancehunt_Messenger.UWP.csproj", "{43C17A0D-790A-44C8-9E06-A16D3359297B}"
EndProject
Project("{FAE04EC0-301F-11D3-BF4B-00C04F79EFBC}") = "Freelancehunt_Messenger.Windows", "Freelancehunt Messenger\Freelancehunt_Messenger.Windows\Freelancehunt_Messenger.Windows.csproj", "{01FBC2C5-472E-4995-A550-FDEBF87E8AC8}"
EndProject
Project("{2150E333-8FDC-42A3-9474-1A3956D46DE8}") = "UWP 8.1", "UWP 8.1", "{826B6234-5365-4579-BBD0-A96B4F2ACD8F}"
EndProject
Global
	GlobalSection(SolutionConfigurationPlatforms) = preSolution
		Ad-Hoc|Any CPU = Ad-Hoc|Any CPU
		Ad-Hoc|ARM = Ad-Hoc|ARM
		Ad-Hoc|iPhone = Ad-Hoc|iPhone
		Ad-Hoc|iPhoneSimulator = Ad-Hoc|iPhoneSimulator
		Ad-Hoc|x64 = Ad-Hoc|x64
		Ad-Hoc|x86 = Ad-Hoc|x86
		AppStore|Any CPU = AppStore|Any CPU
		AppStore|ARM = AppStore|ARM
		AppStore|iPhone = AppStore|iPhone
		AppStore|iPhoneSimulator = AppStore|iPhoneSimulator
		AppStore|x64 = AppStore|x64
		AppStore|x86 = AppStore|x86
		Debug|Any CPU = Debug|Any CPU
		Debug|ARM = Debug|ARM
		Debug|iPhone = Debug|iPhone
		Debug|iPhoneSimulator = Debug|iPhoneSimulator
		Debug|x64 = Debug|x64
		Debug|x86 = Debug|x86
		Release|Any CPU = Release|Any CPU
		Release|ARM = Release|ARM
		Release|iPhone = Release|iPhone
		Release|iPhoneSimulator = Release|iPhoneSimulator
		Release|x64 = Release|x64
		Release|x86 = Release|x86
	EndGlobalSection
	GlobalSection(ProjectConfigurationPlatforms) = postSolution
		{B881517F-C931-48D8-942E-DFC72F4CE3BE}.Ad-Hoc|Any CPU.ActiveCfg = Release|Any CPU
		{B881517F-C931-48D8-942E-DFC72F4CE3BE}.Ad-Hoc|Any CPU.Build.0 = Release|Any CPU
		{B881517F-C931-48D8-942E-DFC72F4CE3BE}.Ad-Hoc|ARM.ActiveCfg = Release|Any CPU
		{B881517F-C931-48D8-942E-DFC72F4CE3BE}.Ad-Hoc|ARM.Build.0 = Release|Any CPU
		{B881517F-C931-48D8-942E-DFC72F4CE3BE}.Ad-Hoc|iPhone.ActiveCfg = Release|Any CPU
		{B881517F-C931-48D8-942E-DFC72F4CE3BE}.Ad-Hoc|iPhone.Build.0 = Release|Any CPU
		{B881517F-C931-48D8-942E-DFC72F4CE3BE}.Ad-Hoc|iPhoneSimulator.ActiveCfg = Release|Any CPU
		{B881517F-C931-48D8-942E-DFC72F4CE3BE}.Ad-Hoc|iPhoneSimulator.Build.0 = Release|Any CPU
		{B881517F-C931-48D8-942E-DFC72F4CE3BE}.Ad-Hoc|x64.ActiveCfg = Release|Any CPU
		{B881517F-C931-48D8-942E-DFC72F4CE3BE}.Ad-Hoc|x64.Build.0 = Release|Any CPU
		{B881517F-C931-48D8-942E-DFC72F4CE3BE}.Ad-Hoc|x86.ActiveCfg = Release|Any CPU
		{B881517F-C931-48D8-942E-DFC72F4CE3BE}.Ad-Hoc|x86.Build.0 = Release|Any CPU
		{B881517F-C931-48D8-942E-DFC72F4CE3BE}.AppStore|Any CPU.ActiveCfg = Release|Any CPU
		{B881517F-C931-48D8-942E-DFC72F4CE3BE}.AppStore|Any CPU.Build.0 = Release|Any CPU
		{B881517F-C931-48D8-942E-DFC72F4CE3BE}.AppStore|ARM.ActiveCfg = Release|Any CPU
		{B881517F-C931-48D8-942E-DFC72F4CE3BE}.AppStore|ARM.Build.0 = Release|Any CPU
		{B881517F-C931-48D8-942E-DFC72F4CE3BE}.AppStore|iPhone.ActiveCfg = Release|Any CPU
		{B881517F-C931-48D8-942E-DFC72F4CE3BE}.AppStore|iPhone.Build.0 = Release|Any CPU
		{B881517F-C931-48D8-942E-DFC72F4CE3BE}.AppStore|iPhoneSimulator.ActiveCfg = Release|Any CPU
		{B881517F-C931-48D8-942E-DFC72F4CE3BE}.AppStore|iPhoneSimulator.Build.0 = Release|Any CPU
		{B881517F-C931-48D8-942E-DFC72F4CE3BE}.AppStore|x64.ActiveCfg = Release|Any CPU
		{B881517F-C931-48D8-942E-DFC72F4CE3BE}.AppStore|x64.Build.0 = Release|Any CPU
		{B881517F-C931-48D8-942E-DFC72F4CE3BE}.AppStore|x86.ActiveCfg = Release|Any CPU
		{B881517F-C931-48D8-942E-DFC72F4CE3BE}.AppStore|x86.Build.0 = Release|Any CPU
		{B881517F-C931-48D8-942E-DFC72F4CE3BE}.Debug|Any CPU.ActiveCfg = Debug|Any CPU
		{B881517F-C931-48D8-942E-DFC72F4CE3BE}.Debug|Any CPU.Build.0 = Debug|Any CPU
		{B881517F-C931-48D8-942E-DFC72F4CE3BE}.Debug|ARM.ActiveCfg = Debug|Any CPU
		{B881517F-C931-48D8-942E-DFC72F4CE3BE}.Debug|ARM.Build.0 = Debug|Any CPU
		{B881517F-C931-48D8-942E-DFC72F4CE3BE}.Debug|iPhone.ActiveCfg = Debug|Any CPU
		{B881517F-C931-48D8-942E-DFC72F4CE3BE}.Debug|iPhone.Build.0 = Debug|Any CPU
		{B881517F-C931-48D8-942E-DFC72F4CE3BE}.Debug|iPhoneSimulator.ActiveCfg = Debug|Any CPU
		{B881517F-C931-48D8-942E-DFC72F4CE3BE}.Debug|iPhoneSimulator.Build.0 = Debug|Any CPU
		{B881517F-C931-48D8-942E-DFC72F4CE3BE}.Debug|x64.ActiveCfg = Debug|Any CPU
		{B881517F-C931-48D8-942E-DFC72F4CE3BE}.Debug|x64.Build.0 = Debug|Any CPU
		{B881517F-C931-48D8-942E-DFC72F4CE3BE}.Debug|x86.ActiveCfg = Debug|Any CPU
		{B881517F-C931-48D8-942E-DFC72F4CE3BE}.Debug|x86.Build.0 = Debug|Any CPU
		{B881517F-C931-48D8-942E-DFC72F4CE3BE}.Release|Any CPU.ActiveCfg = Release|Any CPU
		{B881517F-C931-48D8-942E-DFC72F4CE3BE}.Release|Any CPU.Build.0 = Release|Any CPU
		{B881517F-C931-48D8-942E-DFC72F4CE3BE}.Release|ARM.ActiveCfg = Release|Any CPU
		{B881517F-C931-48D8-942E-DFC72F4CE3BE}.Release|ARM.Build.0 = Release|Any CPU
		{B881517F-C931-48D8-942E-DFC72F4CE3BE}.Release|iPhone.ActiveCfg = Release|Any CPU
		{B881517F-C931-48D8-942E-DFC72F4CE3BE}.Release|iPhone.Build.0 = Release|Any CPU
		{B881517F-C931-48D8-942E-DFC72F4CE3BE}.Release|iPhoneSimulator.ActiveCfg = Release|Any CPU
		{B881517F-C931-48D8-942E-DFC72F4CE3BE}.Release|iPhoneSimulator.Build.0 = Release|Any CPU
		{B881517F-C931-48D8-942E-DFC72F4CE3BE}.Release|x64.ActiveCfg = Release|Any CPU
		{B881517F-C931-48D8-942E-DFC72F4CE3BE}.Release|x64.Build.0 = Release|Any CPU
		{B881517F-C931-48D8-942E-DFC72F4CE3BE}.Release|x86.ActiveCfg = Release|Any CPU
		{B881517F-C931-48D8-942E-DFC72F4CE3BE}.Release|x86.Build.0 = Release|Any CPU
		{34D916F6-890A-4192-ADDE-81B97D2B7C15}.Ad-Hoc|Any CPU.ActiveCfg = Release|Any CPU
		{34D916F6-890A-4192-ADDE-81B97D2B7C15}.Ad-Hoc|Any CPU.Build.0 = Release|Any CPU
		{34D916F6-890A-4192-ADDE-81B97D2B7C15}.Ad-Hoc|Any CPU.Deploy.0 = Release|Any CPU
		{34D916F6-890A-4192-ADDE-81B97D2B7C15}.Ad-Hoc|ARM.ActiveCfg = Release|Any CPU
		{34D916F6-890A-4192-ADDE-81B97D2B7C15}.Ad-Hoc|ARM.Build.0 = Release|Any CPU
		{34D916F6-890A-4192-ADDE-81B97D2B7C15}.Ad-Hoc|ARM.Deploy.0 = Release|Any CPU
		{34D916F6-890A-4192-ADDE-81B97D2B7C15}.Ad-Hoc|iPhone.ActiveCfg = Release|Any CPU
		{34D916F6-890A-4192-ADDE-81B97D2B7C15}.Ad-Hoc|iPhone.Build.0 = Release|Any CPU
		{34D916F6-890A-4192-ADDE-81B97D2B7C15}.Ad-Hoc|iPhone.Deploy.0 = Release|Any CPU
		{34D916F6-890A-4192-ADDE-81B97D2B7C15}.Ad-Hoc|iPhoneSimulator.ActiveCfg = Release|Any CPU
		{34D916F6-890A-4192-ADDE-81B97D2B7C15}.Ad-Hoc|iPhoneSimulator.Build.0 = Release|Any CPU
		{34D916F6-890A-4192-ADDE-81B97D2B7C15}.Ad-Hoc|iPhoneSimulator.Deploy.0 = Release|Any CPU
		{34D916F6-890A-4192-ADDE-81B97D2B7C15}.Ad-Hoc|x64.ActiveCfg = Release|Any CPU
		{34D916F6-890A-4192-ADDE-81B97D2B7C15}.Ad-Hoc|x64.Build.0 = Release|Any CPU
		{34D916F6-890A-4192-ADDE-81B97D2B7C15}.Ad-Hoc|x64.Deploy.0 = Release|Any CPU
		{34D916F6-890A-4192-ADDE-81B97D2B7C15}.Ad-Hoc|x86.ActiveCfg = Release|Any CPU
		{34D916F6-890A-4192-ADDE-81B97D2B7C15}.Ad-Hoc|x86.Build.0 = Release|Any CPU
		{34D916F6-890A-4192-ADDE-81B97D2B7C15}.Ad-Hoc|x86.Deploy.0 = Release|Any CPU
		{34D916F6-890A-4192-ADDE-81B97D2B7C15}.AppStore|Any CPU.ActiveCfg = Release|Any CPU
		{34D916F6-890A-4192-ADDE-81B97D2B7C15}.AppStore|Any CPU.Build.0 = Release|Any CPU
		{34D916F6-890A-4192-ADDE-81B97D2B7C15}.AppStore|Any CPU.Deploy.0 = Release|Any CPU
		{34D916F6-890A-4192-ADDE-81B97D2B7C15}.AppStore|ARM.ActiveCfg = Release|Any CPU
		{34D916F6-890A-4192-ADDE-81B97D2B7C15}.AppStore|ARM.Build.0 = Release|Any CPU
		{34D916F6-890A-4192-ADDE-81B97D2B7C15}.AppStore|ARM.Deploy.0 = Release|Any CPU
		{34D916F6-890A-4192-ADDE-81B97D2B7C15}.AppStore|iPhone.ActiveCfg = Release|Any CPU
		{34D916F6-890A-4192-ADDE-81B97D2B7C15}.AppStore|iPhone.Build.0 = Release|Any CPU
		{34D916F6-890A-4192-ADDE-81B97D2B7C15}.AppStore|iPhone.Deploy.0 = Release|Any CPU
		{34D916F6-890A-4192-ADDE-81B97D2B7C15}.AppStore|iPhoneSimulator.ActiveCfg = Release|Any CPU
		{34D916F6-890A-4192-ADDE-81B97D2B7C15}.AppStore|iPhoneSimulator.Build.0 = Release|Any CPU
		{34D916F6-890A-4192-ADDE-81B97D2B7C15}.AppStore|iPhoneSimulator.Deploy.0 = Release|Any CPU
		{34D916F6-890A-4192-ADDE-81B97D2B7C15}.AppStore|x64.ActiveCfg = Release|Any CPU
		{34D916F6-890A-4192-ADDE-81B97D2B7C15}.AppStore|x64.Build.0 = Release|Any CPU
		{34D916F6-890A-4192-ADDE-81B97D2B7C15}.AppStore|x64.Deploy.0 = Release|Any CPU
		{34D916F6-890A-4192-ADDE-81B97D2B7C15}.AppStore|x86.ActiveCfg = Release|Any CPU
		{34D916F6-890A-4192-ADDE-81B97D2B7C15}.AppStore|x86.Build.0 = Release|Any CPU
		{34D916F6-890A-4192-ADDE-81B97D2B7C15}.AppStore|x86.Deploy.0 = Release|Any CPU
		{34D916F6-890A-4192-ADDE-81B97D2B7C15}.Debug|Any CPU.ActiveCfg = Debug|Any CPU
		{34D916F6-890A-4192-ADDE-81B97D2B7C15}.Debug|Any CPU.Build.0 = Debug|Any CPU
		{34D916F6-890A-4192-ADDE-81B97D2B7C15}.Debug|Any CPU.Deploy.0 = Debug|Any CPU
		{34D916F6-890A-4192-ADDE-81B97D2B7C15}.Debug|ARM.ActiveCfg = Debug|Any CPU
		{34D916F6-890A-4192-ADDE-81B97D2B7C15}.Debug|ARM.Build.0 = Debug|Any CPU
		{34D916F6-890A-4192-ADDE-81B97D2B7C15}.Debug|ARM.Deploy.0 = Debug|Any CPU
		{34D916F6-890A-4192-ADDE-81B97D2B7C15}.Debug|iPhone.ActiveCfg = Debug|Any CPU
		{34D916F6-890A-4192-ADDE-81B97D2B7C15}.Debug|iPhone.Build.0 = Debug|Any CPU
		{34D916F6-890A-4192-ADDE-81B97D2B7C15}.Debug|iPhone.Deploy.0 = Debug|Any CPU
		{34D916F6-890A-4192-ADDE-81B97D2B7C15}.Debug|iPhoneSimulator.ActiveCfg = Debug|Any CPU
		{34D916F6-890A-4192-ADDE-81B97D2B7C15}.Debug|iPhoneSimulator.Build.0 = Debug|Any CPU
		{34D916F6-890A-4192-ADDE-81B97D2B7C15}.Debug|iPhoneSimulator.Deploy.0 = Debug|Any CPU
		{34D916F6-890A-4192-ADDE-81B97D2B7C15}.Debug|x64.ActiveCfg = Debug|Any CPU
		{34D916F6-890A-4192-ADDE-81B97D2B7C15}.Debug|x64.Build.0 = Debug|Any CPU
		{34D916F6-890A-4192-ADDE-81B97D2B7C15}.Debug|x64.Deploy.0 = Debug|Any CPU
		{34D916F6-890A-4192-ADDE-81B97D2B7C15}.Debug|x86.ActiveCfg = Debug|Any CPU
		{34D916F6-890A-4192-ADDE-81B97D2B7C15}.Debug|x86.Build.0 = Debug|Any CPU
		{34D916F6-890A-4192-ADDE-81B97D2B7C15}.Debug|x86.Deploy.0 = Debug|Any CPU
		{34D916F6-890A-4192-ADDE-81B97D2B7C15}.Release|Any CPU.ActiveCfg = Release|Any CPU
		{34D916F6-890A-4192-ADDE-81B97D2B7C15}.Release|Any CPU.Build.0 = Release|Any CPU
		{34D916F6-890A-4192-ADDE-81B97D2B7C15}.Release|Any CPU.Deploy.0 = Release|Any CPU
		{34D916F6-890A-4192-ADDE-81B97D2B7C15}.Release|ARM.ActiveCfg = Release|Any CPU
		{34D916F6-890A-4192-ADDE-81B97D2B7C15}.Release|ARM.Build.0 = Release|Any CPU
		{34D916F6-890A-4192-ADDE-81B97D2B7C15}.Release|ARM.Deploy.0 = Release|Any CPU
		{34D916F6-890A-4192-ADDE-81B97D2B7C15}.Release|iPhone.ActiveCfg = Release|Any CPU
		{34D916F6-890A-4192-ADDE-81B97D2B7C15}.Release|iPhone.Build.0 = Release|Any CPU
		{34D916F6-890A-4192-ADDE-81B97D2B7C15}.Release|iPhone.Deploy.0 = Release|Any CPU
		{34D916F6-890A-4192-ADDE-81B97D2B7C15}.Release|iPhoneSimulator.ActiveCfg = Release|Any CPU
		{34D916F6-890A-4192-ADDE-81B97D2B7C15}.Release|iPhoneSimulator.Build.0 = Release|Any CPU
		{34D916F6-890A-4192-ADDE-81B97D2B7C15}.Release|iPhoneSimulator.Deploy.0 = Release|Any CPU
		{34D916F6-890A-4192-ADDE-81B97D2B7C15}.Release|x64.ActiveCfg = Release|Any CPU
		{34D916F6-890A-4192-ADDE-81B97D2B7C15}.Release|x64.Build.0 = Release|Any CPU
		{34D916F6-890A-4192-ADDE-81B97D2B7C15}.Release|x64.Deploy.0 = Release|Any CPU
		{34D916F6-890A-4192-ADDE-81B97D2B7C15}.Release|x86.ActiveCfg = Release|Any CPU
		{34D916F6-890A-4192-ADDE-81B97D2B7C15}.Release|x86.Build.0 = Release|Any CPU
		{34D916F6-890A-4192-ADDE-81B97D2B7C15}.Release|x86.Deploy.0 = Release|Any CPU
		{46966B89-3620-4BD0-BD57-07FC75B2765F}.Ad-Hoc|Any CPU.ActiveCfg = Ad-Hoc|iPhone
		{46966B89-3620-4BD0-BD57-07FC75B2765F}.Ad-Hoc|ARM.ActiveCfg = Ad-Hoc|iPhone
		{46966B89-3620-4BD0-BD57-07FC75B2765F}.Ad-Hoc|iPhone.ActiveCfg = Ad-Hoc|iPhone
		{46966B89-3620-4BD0-BD57-07FC75B2765F}.Ad-Hoc|iPhone.Build.0 = Ad-Hoc|iPhone
		{46966B89-3620-4BD0-BD57-07FC75B2765F}.Ad-Hoc|iPhoneSimulator.ActiveCfg = Ad-Hoc|iPhoneSimulator
		{46966B89-3620-4BD0-BD57-07FC75B2765F}.Ad-Hoc|iPhoneSimulator.Build.0 = Ad-Hoc|iPhoneSimulator
		{46966B89-3620-4BD0-BD57-07FC75B2765F}.Ad-Hoc|x64.ActiveCfg = Ad-Hoc|iPhone
		{46966B89-3620-4BD0-BD57-07FC75B2765F}.Ad-Hoc|x86.ActiveCfg = Ad-Hoc|iPhone
		{46966B89-3620-4BD0-BD57-07FC75B2765F}.AppStore|Any CPU.ActiveCfg = AppStore|iPhone
		{46966B89-3620-4BD0-BD57-07FC75B2765F}.AppStore|ARM.ActiveCfg = AppStore|iPhone
		{46966B89-3620-4BD0-BD57-07FC75B2765F}.AppStore|iPhone.ActiveCfg = AppStore|iPhone
		{46966B89-3620-4BD0-BD57-07FC75B2765F}.AppStore|iPhone.Build.0 = AppStore|iPhone
		{46966B89-3620-4BD0-BD57-07FC75B2765F}.AppStore|iPhoneSimulator.ActiveCfg = AppStore|iPhoneSimulator
		{46966B89-3620-4BD0-BD57-07FC75B2765F}.AppStore|iPhoneSimulator.Build.0 = AppStore|iPhoneSimulator
		{46966B89-3620-4BD0-BD57-07FC75B2765F}.AppStore|x64.ActiveCfg = AppStore|iPhone
		{46966B89-3620-4BD0-BD57-07FC75B2765F}.AppStore|x86.ActiveCfg = AppStore|iPhone
		{46966B89-3620-4BD0-BD57-07FC75B2765F}.Debug|Any CPU.ActiveCfg = Debug|iPhone
		{46966B89-3620-4BD0-BD57-07FC75B2765F}.Debug|ARM.ActiveCfg = Debug|iPhone
		{46966B89-3620-4BD0-BD57-07FC75B2765F}.Debug|iPhone.ActiveCfg = Debug|iPhone
		{46966B89-3620-4BD0-BD57-07FC75B2765F}.Debug|iPhone.Build.0 = Debug|iPhone
		{46966B89-3620-4BD0-BD57-07FC75B2765F}.Debug|iPhoneSimulator.ActiveCfg = Debug|iPhoneSimulator
		{46966B89-3620-4BD0-BD57-07FC75B2765F}.Debug|iPhoneSimulator.Build.0 = Debug|iPhoneSimulator
		{46966B89-3620-4BD0-BD57-07FC75B2765F}.Debug|x64.ActiveCfg = Debug|iPhone
		{46966B89-3620-4BD0-BD57-07FC75B2765F}.Debug|x86.ActiveCfg = Debug|iPhone
		{46966B89-3620-4BD0-BD57-07FC75B2765F}.Release|Any CPU.ActiveCfg = Release|iPhone
		{46966B89-3620-4BD0-BD57-07FC75B2765F}.Release|ARM.ActiveCfg = Release|iPhone
		{46966B89-3620-4BD0-BD57-07FC75B2765F}.Release|iPhone.ActiveCfg = Release|iPhone
		{46966B89-3620-4BD0-BD57-07FC75B2765F}.Release|iPhone.Build.0 = Release|iPhone
		{46966B89-3620-4BD0-BD57-07FC75B2765F}.Release|iPhoneSimulator.ActiveCfg = Release|iPhoneSimulator
		{46966B89-3620-4BD0-BD57-07FC75B2765F}.Release|iPhoneSimulator.Build.0 = Release|iPhoneSimulator
		{46966B89-3620-4BD0-BD57-07FC75B2765F}.Release|x64.ActiveCfg = Release|iPhone
		{46966B89-3620-4BD0-BD57-07FC75B2765F}.Release|x86.ActiveCfg = Release|iPhone
		{981BFE13-A686-48E9-A4C9-54FADC3F6E7B}.Ad-Hoc|Any CPU.ActiveCfg = Release|Any CPU
		{981BFE13-A686-48E9-A4C9-54FADC3F6E7B}.Ad-Hoc|Any CPU.Build.0 = Release|Any CPU
		{981BFE13-A686-48E9-A4C9-54FADC3F6E7B}.Ad-Hoc|Any CPU.Deploy.0 = Release|Any CPU
		{981BFE13-A686-48E9-A4C9-54FADC3F6E7B}.Ad-Hoc|ARM.ActiveCfg = Release|ARM
		{981BFE13-A686-48E9-A4C9-54FADC3F6E7B}.Ad-Hoc|ARM.Build.0 = Release|ARM
		{981BFE13-A686-48E9-A4C9-54FADC3F6E7B}.Ad-Hoc|ARM.Deploy.0 = Release|ARM
		{981BFE13-A686-48E9-A4C9-54FADC3F6E7B}.Ad-Hoc|iPhone.ActiveCfg = Release|Any CPU
		{981BFE13-A686-48E9-A4C9-54FADC3F6E7B}.Ad-Hoc|iPhone.Build.0 = Release|Any CPU
		{981BFE13-A686-48E9-A4C9-54FADC3F6E7B}.Ad-Hoc|iPhone.Deploy.0 = Release|Any CPU
		{981BFE13-A686-48E9-A4C9-54FADC3F6E7B}.Ad-Hoc|iPhoneSimulator.ActiveCfg = Release|Any CPU
		{981BFE13-A686-48E9-A4C9-54FADC3F6E7B}.Ad-Hoc|iPhoneSimulator.Build.0 = Release|Any CPU
		{981BFE13-A686-48E9-A4C9-54FADC3F6E7B}.Ad-Hoc|iPhoneSimulator.Deploy.0 = Release|Any CPU
		{981BFE13-A686-48E9-A4C9-54FADC3F6E7B}.Ad-Hoc|x64.ActiveCfg = Release|Any CPU
		{981BFE13-A686-48E9-A4C9-54FADC3F6E7B}.Ad-Hoc|x64.Build.0 = Release|Any CPU
		{981BFE13-A686-48E9-A4C9-54FADC3F6E7B}.Ad-Hoc|x64.Deploy.0 = Release|Any CPU
		{981BFE13-A686-48E9-A4C9-54FADC3F6E7B}.Ad-Hoc|x86.ActiveCfg = Release|x86
		{981BFE13-A686-48E9-A4C9-54FADC3F6E7B}.Ad-Hoc|x86.Build.0 = Release|x86
		{981BFE13-A686-48E9-A4C9-54FADC3F6E7B}.Ad-Hoc|x86.Deploy.0 = Release|x86
		{981BFE13-A686-48E9-A4C9-54FADC3F6E7B}.AppStore|Any CPU.ActiveCfg = Release|Any CPU
		{981BFE13-A686-48E9-A4C9-54FADC3F6E7B}.AppStore|Any CPU.Build.0 = Release|Any CPU
		{981BFE13-A686-48E9-A4C9-54FADC3F6E7B}.AppStore|Any CPU.Deploy.0 = Release|Any CPU
		{981BFE13-A686-48E9-A4C9-54FADC3F6E7B}.AppStore|ARM.ActiveCfg = Release|ARM
		{981BFE13-A686-48E9-A4C9-54FADC3F6E7B}.AppStore|ARM.Build.0 = Release|ARM
		{981BFE13-A686-48E9-A4C9-54FADC3F6E7B}.AppStore|ARM.Deploy.0 = Release|ARM
		{981BFE13-A686-48E9-A4C9-54FADC3F6E7B}.AppStore|iPhone.ActiveCfg = Release|Any CPU
		{981BFE13-A686-48E9-A4C9-54FADC3F6E7B}.AppStore|iPhone.Build.0 = Release|Any CPU
		{981BFE13-A686-48E9-A4C9-54FADC3F6E7B}.AppStore|iPhone.Deploy.0 = Release|Any CPU
		{981BFE13-A686-48E9-A4C9-54FADC3F6E7B}.AppStore|iPhoneSimulator.ActiveCfg = Release|Any CPU
		{981BFE13-A686-48E9-A4C9-54FADC3F6E7B}.AppStore|iPhoneSimulator.Build.0 = Release|Any CPU
		{981BFE13-A686-48E9-A4C9-54FADC3F6E7B}.AppStore|iPhoneSimulator.Deploy.0 = Release|Any CPU
		{981BFE13-A686-48E9-A4C9-54FADC3F6E7B}.AppStore|x64.ActiveCfg = Release|Any CPU
		{981BFE13-A686-48E9-A4C9-54FADC3F6E7B}.AppStore|x64.Build.0 = Release|Any CPU
		{981BFE13-A686-48E9-A4C9-54FADC3F6E7B}.AppStore|x64.Deploy.0 = Release|Any CPU
		{981BFE13-A686-48E9-A4C9-54FADC3F6E7B}.AppStore|x86.ActiveCfg = Release|x86
		{981BFE13-A686-48E9-A4C9-54FADC3F6E7B}.AppStore|x86.Build.0 = Release|x86
		{981BFE13-A686-48E9-A4C9-54FADC3F6E7B}.AppStore|x86.Deploy.0 = Release|x86
		{981BFE13-A686-48E9-A4C9-54FADC3F6E7B}.Debug|Any CPU.ActiveCfg = Debug|Any CPU
		{981BFE13-A686-48E9-A4C9-54FADC3F6E7B}.Debug|Any CPU.Build.0 = Debug|Any CPU
		{981BFE13-A686-48E9-A4C9-54FADC3F6E7B}.Debug|Any CPU.Deploy.0 = Debug|Any CPU
		{981BFE13-A686-48E9-A4C9-54FADC3F6E7B}.Debug|ARM.ActiveCfg = Debug|ARM
		{981BFE13-A686-48E9-A4C9-54FADC3F6E7B}.Debug|ARM.Build.0 = Debug|ARM
		{981BFE13-A686-48E9-A4C9-54FADC3F6E7B}.Debug|ARM.Deploy.0 = Debug|ARM
		{981BFE13-A686-48E9-A4C9-54FADC3F6E7B}.Debug|iPhone.ActiveCfg = Debug|Any CPU
		{981BFE13-A686-48E9-A4C9-54FADC3F6E7B}.Debug|iPhone.Build.0 = Debug|Any CPU
		{981BFE13-A686-48E9-A4C9-54FADC3F6E7B}.Debug|iPhone.Deploy.0 = Debug|Any CPU
		{981BFE13-A686-48E9-A4C9-54FADC3F6E7B}.Debug|iPhoneSimulator.ActiveCfg = Debug|Any CPU
		{981BFE13-A686-48E9-A4C9-54FADC3F6E7B}.Debug|iPhoneSimulator.Build.0 = Debug|Any CPU
		{981BFE13-A686-48E9-A4C9-54FADC3F6E7B}.Debug|iPhoneSimulator.Deploy.0 = Debug|Any CPU
		{981BFE13-A686-48E9-A4C9-54FADC3F6E7B}.Debug|x64.ActiveCfg = Debug|Any CPU
		{981BFE13-A686-48E9-A4C9-54FADC3F6E7B}.Debug|x64.Build.0 = Debug|Any CPU
		{981BFE13-A686-48E9-A4C9-54FADC3F6E7B}.Debug|x64.Deploy.0 = Debug|Any CPU
		{981BFE13-A686-48E9-A4C9-54FADC3F6E7B}.Debug|x86.ActiveCfg = Debug|x86
		{981BFE13-A686-48E9-A4C9-54FADC3F6E7B}.Debug|x86.Build.0 = Debug|x86
		{981BFE13-A686-48E9-A4C9-54FADC3F6E7B}.Debug|x86.Deploy.0 = Debug|x86
		{981BFE13-A686-48E9-A4C9-54FADC3F6E7B}.Release|Any CPU.ActiveCfg = Release|Any CPU
		{981BFE13-A686-48E9-A4C9-54FADC3F6E7B}.Release|Any CPU.Build.0 = Release|Any CPU
		{981BFE13-A686-48E9-A4C9-54FADC3F6E7B}.Release|Any CPU.Deploy.0 = Release|Any CPU
		{981BFE13-A686-48E9-A4C9-54FADC3F6E7B}.Release|ARM.ActiveCfg = Release|ARM
		{981BFE13-A686-48E9-A4C9-54FADC3F6E7B}.Release|ARM.Build.0 = Release|ARM
		{981BFE13-A686-48E9-A4C9-54FADC3F6E7B}.Release|ARM.Deploy.0 = Release|ARM
		{981BFE13-A686-48E9-A4C9-54FADC3F6E7B}.Release|iPhone.ActiveCfg = Release|Any CPU
		{981BFE13-A686-48E9-A4C9-54FADC3F6E7B}.Release|iPhone.Build.0 = Release|Any CPU
		{981BFE13-A686-48E9-A4C9-54FADC3F6E7B}.Release|iPhone.Deploy.0 = Release|Any CPU
		{981BFE13-A686-48E9-A4C9-54FADC3F6E7B}.Release|iPhoneSimulator.ActiveCfg = Release|Any CPU
		{981BFE13-A686-48E9-A4C9-54FADC3F6E7B}.Release|iPhoneSimulator.Build.0 = Release|Any CPU
		{981BFE13-A686-48E9-A4C9-54FADC3F6E7B}.Release|iPhoneSimulator.Deploy.0 = Release|Any CPU
		{981BFE13-A686-48E9-A4C9-54FADC3F6E7B}.Release|x64.ActiveCfg = Release|Any CPU
		{981BFE13-A686-48E9-A4C9-54FADC3F6E7B}.Release|x64.Build.0 = Release|Any CPU
		{981BFE13-A686-48E9-A4C9-54FADC3F6E7B}.Release|x64.Deploy.0 = Release|Any CPU
		{981BFE13-A686-48E9-A4C9-54FADC3F6E7B}.Release|x86.ActiveCfg = Release|x86
		{981BFE13-A686-48E9-A4C9-54FADC3F6E7B}.Release|x86.Build.0 = Release|x86
		{981BFE13-A686-48E9-A4C9-54FADC3F6E7B}.Release|x86.Deploy.0 = Release|x86
		{43C17A0D-790A-44C8-9E06-A16D3359297B}.Ad-Hoc|Any CPU.ActiveCfg = Release|x86
		{43C17A0D-790A-44C8-9E06-A16D3359297B}.Ad-Hoc|Any CPU.Build.0 = Release|x86
		{43C17A0D-790A-44C8-9E06-A16D3359297B}.Ad-Hoc|Any CPU.Deploy.0 = Release|x86
		{43C17A0D-790A-44C8-9E06-A16D3359297B}.Ad-Hoc|ARM.ActiveCfg = Release|ARM
		{43C17A0D-790A-44C8-9E06-A16D3359297B}.Ad-Hoc|ARM.Build.0 = Release|ARM
		{43C17A0D-790A-44C8-9E06-A16D3359297B}.Ad-Hoc|ARM.Deploy.0 = Release|ARM
		{43C17A0D-790A-44C8-9E06-A16D3359297B}.Ad-Hoc|iPhone.ActiveCfg = Release|x86
		{43C17A0D-790A-44C8-9E06-A16D3359297B}.Ad-Hoc|iPhone.Build.0 = Release|x86
		{43C17A0D-790A-44C8-9E06-A16D3359297B}.Ad-Hoc|iPhone.Deploy.0 = Release|x86
		{43C17A0D-790A-44C8-9E06-A16D3359297B}.Ad-Hoc|iPhoneSimulator.ActiveCfg = Release|x86
		{43C17A0D-790A-44C8-9E06-A16D3359297B}.Ad-Hoc|iPhoneSimulator.Build.0 = Release|x86
		{43C17A0D-790A-44C8-9E06-A16D3359297B}.Ad-Hoc|iPhoneSimulator.Deploy.0 = Release|x86
		{43C17A0D-790A-44C8-9E06-A16D3359297B}.Ad-Hoc|x64.ActiveCfg = Release|x64
		{43C17A0D-790A-44C8-9E06-A16D3359297B}.Ad-Hoc|x64.Build.0 = Release|x64
		{43C17A0D-790A-44C8-9E06-A16D3359297B}.Ad-Hoc|x64.Deploy.0 = Release|x64
		{43C17A0D-790A-44C8-9E06-A16D3359297B}.Ad-Hoc|x86.ActiveCfg = Release|x86
		{43C17A0D-790A-44C8-9E06-A16D3359297B}.Ad-Hoc|x86.Build.0 = Release|x86
		{43C17A0D-790A-44C8-9E06-A16D3359297B}.Ad-Hoc|x86.Deploy.0 = Release|x86
		{43C17A0D-790A-44C8-9E06-A16D3359297B}.AppStore|Any CPU.ActiveCfg = Release|x86
		{43C17A0D-790A-44C8-9E06-A16D3359297B}.AppStore|Any CPU.Build.0 = Release|x86
		{43C17A0D-790A-44C8-9E06-A16D3359297B}.AppStore|Any CPU.Deploy.0 = Release|x86
		{43C17A0D-790A-44C8-9E06-A16D3359297B}.AppStore|ARM.ActiveCfg = Release|ARM
		{43C17A0D-790A-44C8-9E06-A16D3359297B}.AppStore|ARM.Build.0 = Release|ARM
		{43C17A0D-790A-44C8-9E06-A16D3359297B}.AppStore|ARM.Deploy.0 = Release|ARM
		{43C17A0D-790A-44C8-9E06-A16D3359297B}.AppStore|iPhone.ActiveCfg = Release|x86
		{43C17A0D-790A-44C8-9E06-A16D3359297B}.AppStore|iPhone.Build.0 = Release|x86
		{43C17A0D-790A-44C8-9E06-A16D3359297B}.AppStore|iPhone.Deploy.0 = Release|x86
		{43C17A0D-790A-44C8-9E06-A16D3359297B}.AppStore|iPhoneSimulator.ActiveCfg = Release|x86
		{43C17A0D-790A-44C8-9E06-A16D3359297B}.AppStore|iPhoneSimulator.Build.0 = Release|x86
		{43C17A0D-790A-44C8-9E06-A16D3359297B}.AppStore|iPhoneSimulator.Deploy.0 = Release|x86
		{43C17A0D-790A-44C8-9E06-A16D3359297B}.AppStore|x64.ActiveCfg = Release|x64
		{43C17A0D-790A-44C8-9E06-A16D3359297B}.AppStore|x64.Build.0 = Release|x64
		{43C17A0D-790A-44C8-9E06-A16D3359297B}.AppStore|x64.Deploy.0 = Release|x64
		{43C17A0D-790A-44C8-9E06-A16D3359297B}.AppStore|x86.ActiveCfg = Release|x86
		{43C17A0D-790A-44C8-9E06-A16D3359297B}.AppStore|x86.Build.0 = Release|x86
		{43C17A0D-790A-44C8-9E06-A16D3359297B}.AppStore|x86.Deploy.0 = Release|x86
		{43C17A0D-790A-44C8-9E06-A16D3359297B}.Debug|Any CPU.ActiveCfg = Debug|x86
		{43C17A0D-790A-44C8-9E06-A16D3359297B}.Debug|ARM.ActiveCfg = Debug|ARM
		{43C17A0D-790A-44C8-9E06-A16D3359297B}.Debug|ARM.Build.0 = Debug|ARM
		{43C17A0D-790A-44C8-9E06-A16D3359297B}.Debug|ARM.Deploy.0 = Debug|ARM
		{43C17A0D-790A-44C8-9E06-A16D3359297B}.Debug|iPhone.ActiveCfg = Debug|x86
		{43C17A0D-790A-44C8-9E06-A16D3359297B}.Debug|iPhoneSimulator.ActiveCfg = Debug|x86
		{43C17A0D-790A-44C8-9E06-A16D3359297B}.Debug|x64.ActiveCfg = Debug|x64
		{43C17A0D-790A-44C8-9E06-A16D3359297B}.Debug|x64.Build.0 = Debug|x64
		{43C17A0D-790A-44C8-9E06-A16D3359297B}.Debug|x64.Deploy.0 = Debug|x64
		{43C17A0D-790A-44C8-9E06-A16D3359297B}.Debug|x86.ActiveCfg = Debug|x86
		{43C17A0D-790A-44C8-9E06-A16D3359297B}.Debug|x86.Build.0 = Debug|x86
		{43C17A0D-790A-44C8-9E06-A16D3359297B}.Debug|x86.Deploy.0 = Debug|x86
		{43C17A0D-790A-44C8-9E06-A16D3359297B}.Release|Any CPU.ActiveCfg = Release|x86
		{43C17A0D-790A-44C8-9E06-A16D3359297B}.Release|ARM.ActiveCfg = Release|ARM
		{43C17A0D-790A-44C8-9E06-A16D3359297B}.Release|ARM.Build.0 = Release|ARM
		{43C17A0D-790A-44C8-9E06-A16D3359297B}.Release|ARM.Deploy.0 = Release|ARM
		{43C17A0D-790A-44C8-9E06-A16D3359297B}.Release|iPhone.ActiveCfg = Release|x86
		{43C17A0D-790A-44C8-9E06-A16D3359297B}.Release|iPhoneSimulator.ActiveCfg = Release|x86
		{43C17A0D-790A-44C8-9E06-A16D3359297B}.Release|x64.ActiveCfg = Release|x64
		{43C17A0D-790A-44C8-9E06-A16D3359297B}.Release|x64.Build.0 = Release|x64
		{43C17A0D-790A-44C8-9E06-A16D3359297B}.Release|x64.Deploy.0 = Release|x64
		{43C17A0D-790A-44C8-9E06-A16D3359297B}.Release|x86.ActiveCfg = Release|x86
		{43C17A0D-790A-44C8-9E06-A16D3359297B}.Release|x86.Build.0 = Release|x86
		{43C17A0D-790A-44C8-9E06-A16D3359297B}.Release|x86.Deploy.0 = Release|x86
		{01FBC2C5-472E-4995-A550-FDEBF87E8AC8}.Ad-Hoc|Any CPU.ActiveCfg = Release|Any CPU
		{01FBC2C5-472E-4995-A550-FDEBF87E8AC8}.Ad-Hoc|Any CPU.Build.0 = Release|Any CPU
		{01FBC2C5-472E-4995-A550-FDEBF87E8AC8}.Ad-Hoc|Any CPU.Deploy.0 = Release|Any CPU
		{01FBC2C5-472E-4995-A550-FDEBF87E8AC8}.Ad-Hoc|ARM.ActiveCfg = Release|ARM
		{01FBC2C5-472E-4995-A550-FDEBF87E8AC8}.Ad-Hoc|ARM.Build.0 = Release|ARM
		{01FBC2C5-472E-4995-A550-FDEBF87E8AC8}.Ad-Hoc|ARM.Deploy.0 = Release|ARM
		{01FBC2C5-472E-4995-A550-FDEBF87E8AC8}.Ad-Hoc|iPhone.ActiveCfg = Release|Any CPU
		{01FBC2C5-472E-4995-A550-FDEBF87E8AC8}.Ad-Hoc|iPhone.Build.0 = Release|Any CPU
		{01FBC2C5-472E-4995-A550-FDEBF87E8AC8}.Ad-Hoc|iPhone.Deploy.0 = Release|Any CPU
		{01FBC2C5-472E-4995-A550-FDEBF87E8AC8}.Ad-Hoc|iPhoneSimulator.ActiveCfg = Release|Any CPU
		{01FBC2C5-472E-4995-A550-FDEBF87E8AC8}.Ad-Hoc|iPhoneSimulator.Build.0 = Release|Any CPU
		{01FBC2C5-472E-4995-A550-FDEBF87E8AC8}.Ad-Hoc|iPhoneSimulator.Deploy.0 = Release|Any CPU
		{01FBC2C5-472E-4995-A550-FDEBF87E8AC8}.Ad-Hoc|x64.ActiveCfg = Release|x64
		{01FBC2C5-472E-4995-A550-FDEBF87E8AC8}.Ad-Hoc|x64.Build.0 = Release|x64
		{01FBC2C5-472E-4995-A550-FDEBF87E8AC8}.Ad-Hoc|x64.Deploy.0 = Release|x64
		{01FBC2C5-472E-4995-A550-FDEBF87E8AC8}.Ad-Hoc|x86.ActiveCfg = Release|x86
		{01FBC2C5-472E-4995-A550-FDEBF87E8AC8}.Ad-Hoc|x86.Build.0 = Release|x86
		{01FBC2C5-472E-4995-A550-FDEBF87E8AC8}.Ad-Hoc|x86.Deploy.0 = Release|x86
		{01FBC2C5-472E-4995-A550-FDEBF87E8AC8}.AppStore|Any CPU.ActiveCfg = Release|Any CPU
		{01FBC2C5-472E-4995-A550-FDEBF87E8AC8}.AppStore|Any CPU.Build.0 = Release|Any CPU
		{01FBC2C5-472E-4995-A550-FDEBF87E8AC8}.AppStore|Any CPU.Deploy.0 = Release|Any CPU
		{01FBC2C5-472E-4995-A550-FDEBF87E8AC8}.AppStore|ARM.ActiveCfg = Release|ARM
		{01FBC2C5-472E-4995-A550-FDEBF87E8AC8}.AppStore|ARM.Build.0 = Release|ARM
		{01FBC2C5-472E-4995-A550-FDEBF87E8AC8}.AppStore|ARM.Deploy.0 = Release|ARM
		{01FBC2C5-472E-4995-A550-FDEBF87E8AC8}.AppStore|iPhone.ActiveCfg = Release|Any CPU
		{01FBC2C5-472E-4995-A550-FDEBF87E8AC8}.AppStore|iPhone.Build.0 = Release|Any CPU
		{01FBC2C5-472E-4995-A550-FDEBF87E8AC8}.AppStore|iPhone.Deploy.0 = Release|Any CPU
		{01FBC2C5-472E-4995-A550-FDEBF87E8AC8}.AppStore|iPhoneSimulator.ActiveCfg = Release|Any CPU
		{01FBC2C5-472E-4995-A550-FDEBF87E8AC8}.AppStore|iPhoneSimulator.Build.0 = Release|Any CPU
		{01FBC2C5-472E-4995-A550-FDEBF87E8AC8}.AppStore|iPhoneSimulator.Deploy.0 = Release|Any CPU
		{01FBC2C5-472E-4995-A550-FDEBF87E8AC8}.AppStore|x64.ActiveCfg = Release|x64
		{01FBC2C5-472E-4995-A550-FDEBF87E8AC8}.AppStore|x64.Build.0 = Release|x64
		{01FBC2C5-472E-4995-A550-FDEBF87E8AC8}.AppStore|x64.Deploy.0 = Release|x64
		{01FBC2C5-472E-4995-A550-FDEBF87E8AC8}.AppStore|x86.ActiveCfg = Release|x86
		{01FBC2C5-472E-4995-A550-FDEBF87E8AC8}.AppStore|x86.Build.0 = Release|x86
		{01FBC2C5-472E-4995-A550-FDEBF87E8AC8}.AppStore|x86.Deploy.0 = Release|x86
		{01FBC2C5-472E-4995-A550-FDEBF87E8AC8}.Debug|Any CPU.ActiveCfg = Debug|Any CPU
		{01FBC2C5-472E-4995-A550-FDEBF87E8AC8}.Debug|Any CPU.Build.0 = Debug|Any CPU
		{01FBC2C5-472E-4995-A550-FDEBF87E8AC8}.Debug|Any CPU.Deploy.0 = Debug|Any CPU
		{01FBC2C5-472E-4995-A550-FDEBF87E8AC8}.Debug|ARM.ActiveCfg = Debug|ARM
		{01FBC2C5-472E-4995-A550-FDEBF87E8AC8}.Debug|ARM.Build.0 = Debug|ARM
		{01FBC2C5-472E-4995-A550-FDEBF87E8AC8}.Debug|ARM.Deploy.0 = Debug|ARM
		{01FBC2C5-472E-4995-A550-FDEBF87E8AC8}.Debug|iPhone.ActiveCfg = Debug|Any CPU
		{01FBC2C5-472E-4995-A550-FDEBF87E8AC8}.Debug|iPhone.Build.0 = Debug|Any CPU
		{01FBC2C5-472E-4995-A550-FDEBF87E8AC8}.Debug|iPhone.Deploy.0 = Debug|Any CPU
		{01FBC2C5-472E-4995-A550-FDEBF87E8AC8}.Debug|iPhoneSimulator.ActiveCfg = Debug|Any CPU
		{01FBC2C5-472E-4995-A550-FDEBF87E8AC8}.Debug|iPhoneSimulator.Build.0 = Debug|Any CPU
		{01FBC2C5-472E-4995-A550-FDEBF87E8AC8}.Debug|iPhoneSimulator.Deploy.0 = Debug|Any CPU
		{01FBC2C5-472E-4995-A550-FDEBF87E8AC8}.Debug|x64.ActiveCfg = Debug|x64
		{01FBC2C5-472E-4995-A550-FDEBF87E8AC8}.Debug|x64.Build.0 = Debug|x64
		{01FBC2C5-472E-4995-A550-FDEBF87E8AC8}.Debug|x64.Deploy.0 = Debug|x64
		{01FBC2C5-472E-4995-A550-FDEBF87E8AC8}.Debug|x86.ActiveCfg = Debug|x86
		{01FBC2C5-472E-4995-A550-FDEBF87E8AC8}.Debug|x86.Build.0 = Debug|x86
		{01FBC2C5-472E-4995-A550-FDEBF87E8AC8}.Debug|x86.Deploy.0 = Debug|x86
		{01FBC2C5-472E-4995-A550-FDEBF87E8AC8}.Release|Any CPU.ActiveCfg = Release|Any CPU
		{01FBC2C5-472E-4995-A550-FDEBF87E8AC8}.Release|Any CPU.Build.0 = Release|Any CPU
		{01FBC2C5-472E-4995-A550-FDEBF87E8AC8}.Release|Any CPU.Deploy.0 = Release|Any CPU
		{01FBC2C5-472E-4995-A550-FDEBF87E8AC8}.Release|ARM.ActiveCfg = Release|ARM
		{01FBC2C5-472E-4995-A550-FDEBF87E8AC8}.Release|ARM.Build.0 = Release|ARM
		{01FBC2C5-472E-4995-A550-FDEBF87E8AC8}.Release|ARM.Deploy.0 = Release|ARM
		{01FBC2C5-472E-4995-A550-FDEBF87E8AC8}.Release|iPhone.ActiveCfg = Release|Any CPU
		{01FBC2C5-472E-4995-A550-FDEBF87E8AC8}.Release|iPhone.Build.0 = Release|Any CPU
		{01FBC2C5-472E-4995-A550-FDEBF87E8AC8}.Release|iPhone.Deploy.0 = Release|Any CPU
		{01FBC2C5-472E-4995-A550-FDEBF87E8AC8}.Release|iPhoneSimulator.ActiveCfg = Release|Any CPU
		{01FBC2C5-472E-4995-A550-FDEBF87E8AC8}.Release|iPhoneSimulator.Build.0 = Release|Any CPU
		{01FBC2C5-472E-4995-A550-FDEBF87E8AC8}.Release|iPhoneSimulator.Deploy.0 = Release|Any CPU
		{01FBC2C5-472E-4995-A550-FDEBF87E8AC8}.Release|x64.ActiveCfg = Release|x64
		{01FBC2C5-472E-4995-A550-FDEBF87E8AC8}.Release|x64.Build.0 = Release|x64
		{01FBC2C5-472E-4995-A550-FDEBF87E8AC8}.Release|x64.Deploy.0 = Release|x64
		{01FBC2C5-472E-4995-A550-FDEBF87E8AC8}.Release|x86.ActiveCfg = Release|x86
		{01FBC2C5-472E-4995-A550-FDEBF87E8AC8}.Release|x86.Build.0 = Release|x86
		{01FBC2C5-472E-4995-A550-FDEBF87E8AC8}.Release|x86.Deploy.0 = Release|x86
	EndGlobalSection
	GlobalSection(SolutionProperties) = preSolution
		HideSolutionNode = FALSE
	EndGlobalSection
	GlobalSection(NestedProjects) = preSolution
		{981BFE13-A686-48E9-A4C9-54FADC3F6E7B} = {826B6234-5365-4579-BBD0-A96B4F2ACD8F}
		{01FBC2C5-472E-4995-A550-FDEBF87E8AC8} = {826B6234-5365-4579-BBD0-A96B4F2ACD8F}
	EndGlobalSection
EndGlobal
